
Microsoft Visual Studio Solution File, Format Version 12.00
# Visual Studio 15
VisualStudioVersion = 15.0.27703.2000
MinimumVisualStudioVersion = 10.0.40219.1
Project("{FAE04EC0-301F-11D3-BF4B-00C04F79EFBC}") = "EfimovsCalendar", "EfimovsCalendar\EfimovsCalendar.csproj", "{91164A6D-A3AC-4D84-BF98-B37F446CC285}"
EndProject
Global
	GlobalSection(SolutionConfigurationPlatforms) = preSolution
		Debug|Any CPU = Debug|Any CPU
		Release|Any CPU = Release|Any CPU
	EndGlobalSection
	GlobalSection(ProjectConfigurationPlatforms) = postSolution
		{91164A6D-A3AC-4D84-BF98-B37F446CC285}.Debug|Any CPU.ActiveCfg = Debug|Any CPU
		{91164A6D-A3AC-4D84-BF98-B37F446CC285}.Debug|Any CPU.Build.0 = Debug|Any CPU
		{91164A6D-A3AC-4D84-BF98-B37F446CC285}.Release|Any CPU.ActiveCfg = Release|Any CPU
		{91164A6D-A3AC-4D84-BF98-B37F446CC285}.Release|Any CPU.Build.0 = Release|Any CPU
	EndGlobalSection
	GlobalSection(SolutionProperties) = preSolution
		HideSolutionNode = FALSE
	EndGlobalSection
	GlobalSection(ExtensibilityGlobals) = postSolution
		SolutionGuid = {405EA7DD-0D7D-4544-A575-EBF1800E5066}
	EndGlobalSection
EndGlobal
